
Microsoft Visual Studio Solution File, Format Version 12.00
# Visual Studio Version 17
VisualStudioVersion = 17.11.35219.272
MinimumVisualStudioVersion = 10.0.40219.1
Project("{9A19103F-16F7-4668-BE54-9A1E7A4F7556}") = "MoneyHeist.Api", "MoneyHeist.Api\MoneyHeist.Api.csproj", "{01BD1136-48EE-4A46-AE0C-74E09A6969D5}"
EndProject
Project("{00D1A9C2-B5F0-4AF3-8072-F6C62B433612}") = "MoneyHeist.Database", "MoneyHeist.Database\MoneyHeist.Database.sqlproj", "{23117976-18C1-40F2-9322-7E046AB4A12A}"
EndProject
Global
	GlobalSection(SolutionConfigurationPlatforms) = preSolution
		Debug|Any CPU = Debug|Any CPU
		Release|Any CPU = Release|Any CPU
	EndGlobalSection
	GlobalSection(ProjectConfigurationPlatforms) = postSolution
		{01BD1136-48EE-4A46-AE0C-74E09A6969D5}.Debug|Any CPU.ActiveCfg = Debug|Any CPU
		{01BD1136-48EE-4A46-AE0C-74E09A6969D5}.Debug|Any CPU.Build.0 = Debug|Any CPU
		{01BD1136-48EE-4A46-AE0C-74E09A6969D5}.Release|Any CPU.ActiveCfg = Release|Any CPU
		{01BD1136-48EE-4A46-AE0C-74E09A6969D5}.Release|Any CPU.Build.0 = Release|Any CPU
		{23117976-18C1-40F2-9322-7E046AB4A12A}.Debug|Any CPU.ActiveCfg = Debug|Any CPU
		{23117976-18C1-40F2-9322-7E046AB4A12A}.Debug|Any CPU.Build.0 = Debug|Any CPU
		{23117976-18C1-40F2-9322-7E046AB4A12A}.Debug|Any CPU.Deploy.0 = Debug|Any CPU
		{23117976-18C1-40F2-9322-7E046AB4A12A}.Release|Any CPU.ActiveCfg = Release|Any CPU
		{23117976-18C1-40F2-9322-7E046AB4A12A}.Release|Any CPU.Build.0 = Release|Any CPU
		{23117976-18C1-40F2-9322-7E046AB4A12A}.Release|Any CPU.Deploy.0 = Release|Any CPU
	EndGlobalSection
	GlobalSection(SolutionProperties) = preSolution
		HideSolutionNode = FALSE
	EndGlobalSection
	GlobalSection(ExtensibilityGlobals) = postSolution
		SolutionGuid = {8A0E10A0-92FD-46C1-82E8-B288E2F0C097}
	EndGlobalSection
EndGlobal
